
Microsoft Visual Studio Solution File, Format Version 12.00
# Visual Studio 15
VisualStudioVersion = 15.0.26730.16
MinimumVisualStudioVersion = 10.0.40219.1
Project("{9A19103F-16F7-4668-BE54-9A1E7A4F7556}") = "Pat.DataProtection", "Pat.DataProtection\Pat.DataProtection.csproj", "{EAB9447A-4C05-456B-B660-DC07EC467C00}"
EndProject
Global
	GlobalSection(SolutionConfigurationPlatforms) = preSolution
		Debug|Any CPU = Debug|Any CPU
		Release|Any CPU = Release|Any CPU
	EndGlobalSection
	GlobalSection(ProjectConfigurationPlatforms) = postSolution
		{EAB9447A-4C05-456B-B660-DC07EC467C00}.Debug|Any CPU.ActiveCfg = Debug|Any CPU
		{EAB9447A-4C05-456B-B660-DC07EC467C00}.Debug|Any CPU.Build.0 = Debug|Any CPU
		{EAB9447A-4C05-456B-B660-DC07EC467C00}.Release|Any CPU.ActiveCfg = Release|Any CPU
		{EAB9447A-4C05-456B-B660-DC07EC467C00}.Release|Any CPU.Build.0 = Release|Any CPU
	EndGlobalSection
	GlobalSection(SolutionProperties) = preSolution
		HideSolutionNode = FALSE
	EndGlobalSection
	GlobalSection(ExtensibilityGlobals) = postSolution
		SolutionGuid = {5841E846-94CE-46AE-BD21-E8B6B999F254}
	EndGlobalSection
EndGlobal
